
Microsoft Visual Studio Solution File, Format Version 12.00
# Visual Studio Version 17
VisualStudioVersion = 17.1.32328.378
MinimumVisualStudioVersion = 10.0.40219.1
Project("{8BC9CEB8-8B4A-11D0-8D11-00A0C91BC942}") = "OpenGL", "OpenGL\OpenGL.vcxproj", "{F318025A-84B5-4A1B-8F96-1CD0A56BD323}"
EndProject
Global
	GlobalSection(SolutionConfigurationPlatforms) = preSolution
		Debug|x64 = Debug|x64
		Debug|x86 = Debug|x86
		Release|x64 = Release|x64
		Release|x86 = Release|x86
	EndGlobalSection
	GlobalSection(ProjectConfigurationPlatforms) = postSolution
		{F318025A-84B5-4A1B-8F96-1CD0A56BD323}.Debug|x64.ActiveCfg = Debug|x64
		{F318025A-84B5-4A1B-8F96-1CD0A56BD323}.Debug|x64.Build.0 = Debug|x64
		{F318025A-84B5-4A1B-8F96-1CD0A56BD323}.Debug|x86.ActiveCfg = Debug|Win32
		{F318025A-84B5-4A1B-8F96-1CD0A56BD323}.Debug|x86.Build.0 = Debug|Win32
		{F318025A-84B5-4A1B-8F96-1CD0A56BD323}.Release|x64.ActiveCfg = Release|x64
		{F318025A-84B5-4A1B-8F96-1CD0A56BD323}.Release|x64.Build.0 = Release|x64
		{F318025A-84B5-4A1B-8F96-1CD0A56BD323}.Release|x86.ActiveCfg = Release|Win32
		{F318025A-84B5-4A1B-8F96-1CD0A56BD323}.Release|x86.Build.0 = Release|Win32
	EndGlobalSection
	GlobalSection(SolutionProperties) = preSolution
		HideSolutionNode = FALSE
	EndGlobalSection
	GlobalSection(ExtensibilityGlobals) = postSolution
		SolutionGuid = {32F1A86D-30D1-4033-9600-5E8F29D41AAE}
	EndGlobalSection
EndGlobal
